
Microsoft Visual Studio Solution File, Format Version 12.00
# Visual Studio Version 17
VisualStudioVersion = 17.3.32819.101
MinimumVisualStudioVersion = 10.0.40219.1
Project("{8BC9CEB8-8B4A-11D0-8D11-00A0C91BC942}") = "RenderProject", "RenderProject\RenderProject.vcxproj", "{7A8D07F5-3ABC-4276-8290-F9739CB05362}"
EndProject
Global
	GlobalSection(SolutionConfigurationPlatforms) = preSolution
		Debug|x64 = Debug|x64
		Debug|x86 = Debug|x86
		Release|x64 = Release|x64
		Release|x86 = Release|x86
	EndGlobalSection
	GlobalSection(ProjectConfigurationPlatforms) = postSolution
		{7A8D07F5-3ABC-4276-8290-F9739CB05362}.Debug|x64.ActiveCfg = Debug|x64
		{7A8D07F5-3ABC-4276-8290-F9739CB05362}.Debug|x64.Build.0 = Debug|x64
		{7A8D07F5-3ABC-4276-8290-F9739CB05362}.Debug|x86.ActiveCfg = Debug|Win32
		{7A8D07F5-3ABC-4276-8290-F9739CB05362}.Debug|x86.Build.0 = Debug|Win32
		{7A8D07F5-3ABC-4276-8290-F9739CB05362}.Release|x64.ActiveCfg = Release|x64
		{7A8D07F5-3ABC-4276-8290-F9739CB05362}.Release|x64.Build.0 = Release|x64
		{7A8D07F5-3ABC-4276-8290-F9739CB05362}.Release|x86.ActiveCfg = Release|Win32
		{7A8D07F5-3ABC-4276-8290-F9739CB05362}.Release|x86.Build.0 = Release|Win32
	EndGlobalSection
	GlobalSection(SolutionProperties) = preSolution
		HideSolutionNode = FALSE
	EndGlobalSection
	GlobalSection(ExtensibilityGlobals) = postSolution
		SolutionGuid = {AE31639F-2280-4805-9F5F-2D600E0568F9}
	EndGlobalSection
EndGlobal
